// !$*UTF8*$!
{
	archiveVersion = 1;
	classes = {
	};
	objectVersion = 56;
	objects = {

/* Begin PBXBuildFile section */
		42D9C9162AB455CB0039B713 /* Air_JordanApp.swift in Sources */ = {isa = PBXBuildFile; fileRef = 42D9C9152AB455CB0039B713 /* Air_JordanApp.swift */; };
		42D9C9182AB455CB0039B713 /* ContentView.swift in Sources */ = {isa = PBXBuildFile; fileRef = 42D9C9172AB455CB0039B713 /* ContentView.swift */; };
		42D9C91A2AB455CC0039B713 /* Assets.xcassets in Resources */ = {isa = PBXBuildFile; fileRef = 42D9C9192AB455CC0039B713 /* Assets.xcassets */; };
		42D9C91D2AB455CC0039B713 /* Preview Assets.xcassets in Resources */ = {isa = PBXBuildFile; fileRef = 42D9C91C2AB455CC0039B713 /* Preview Assets.xcassets */; };
		42D9C9252AB47FE30039B713 /* HomeView.swift in Sources */ = {isa = PBXBuildFile; fileRef = 42D9C9242AB47FE30039B713 /* HomeView.swift */; };
		42F254802AB480E30029C8FF /* ItemView.swift in Sources */ = {isa = PBXBuildFile; fileRef = 42F2547F2AB480E30029C8FF /* ItemView.swift */; };
		42F254832AB4814D0029C8FF /* ItemModel.swift in Sources */ = {isa = PBXBuildFile; fileRef = 42F254822AB4814D0029C8FF /* ItemModel.swift */; };
		42F254852AB4BA4D0029C8FF /* DetailView.swift in Sources */ = {isa = PBXBuildFile; fileRef = 42F254842AB4BA4D0029C8FF /* DetailView.swift */; };
/* End PBXBuildFile section */

/* Begin PBXFileReference section */
		42D9C9122AB455CB0039B713 /* Air Jordan.app */ = {isa = PBXFileReference; explicitFileType = wrapper.application; includeInIndex = 0; path = "Air Jordan.app"; sourceTree = BUILT_PRODUCTS_DIR; };
		42D9C9152AB455CB0039B713 /* Air_JordanApp.swift */ = {isa = PBXFileReference; lastKnownFileType = sourcecode.swift; path = Air_JordanApp.swift; sourceTree = "<group>"; };
		42D9C9172AB455CB0039B713 /* ContentView.swift */ = {isa = PBXFileReference; lastKnownFileType = sourcecode.swift; path = ContentView.swift; sourceTree = "<group>"; };
		42D9C9192AB455CC0039B713 /* Assets.xcassets */ = {isa = PBXFileReference; lastKnownFileType = folder.assetcatalog; path = Assets.xcassets; sourceTree = "<group>"; };
		42D9C91C2AB455CC0039B713 /* Preview Assets.xcassets */ = {isa = PBXFileReference; lastKnownFileType = folder.assetcatalog; path = "Preview Assets.xcassets"; sourceTree = "<group>"; };
		42D9C9242AB47FE30039B713 /* HomeView.swift */ = {isa = PBXFileReference; lastKnownFileType = sourcecode.swift; path = HomeView.swift; sourceTree = "<group>"; };
		42F2547F2AB480E30029C8FF /* ItemView.swift */ = {isa = PBXFileReference; lastKnownFileType = sourcecode.swift; path = ItemView.swift; sourceTree = "<group>"; };
		42F254822AB4814D0029C8FF /* ItemModel.swift */ = {isa = PBXFileReference; lastKnownFileType = sourcecode.swift; path = ItemModel.swift; sourceTree = "<group>"; };
		42F254842AB4BA4D0029C8FF /* DetailView.swift */ = {isa = PBXFileReference; lastKnownFileType = sourcecode.swift; path = DetailView.swift; sourceTree = "<group>"; };
/* End PBXFileReference section */

/* Begin PBXFrameworksBuildPhase section */
		42D9C90F2AB455CB0039B713 /* Frameworks */ = {
			isa = PBXFrameworksBuildPhase;
			buildActionMask = 2147483647;
			files = (
			);
			runOnlyForDeploymentPostprocessing = 0;
		};
/* End PBXFrameworksBuildPhase section */

/* Begin PBXGroup section */
		42D9C9092AB455CB0039B713 = {
			isa = PBXGroup;
			children = (
				42D9C9142AB455CB0039B713 /* Air Jordan */,
				42D9C9132AB455CB0039B713 /* Products */,
			);
			sourceTree = "<group>";
		};
		42D9C9132AB455CB0039B713 /* Products */ = {
			isa = PBXGroup;
			children = (
				42D9C9122AB455CB0039B713 /* Air Jordan.app */,
			);
			name = Products;
			sourceTree = "<group>";
		};
		42D9C9142AB455CB0039B713 /* Air Jordan */ = {
			isa = PBXGroup;
			children = (
				42F254812AB481380029C8FF /* Model */,
				42D9C9232AB47FD00039B713 /* View */,
				42D9C9152AB455CB0039B713 /* Air_JordanApp.swift */,
				42D9C9172AB455CB0039B713 /* ContentView.swift */,
				42D9C9192AB455CC0039B713 /* Assets.xcassets */,
				42D9C91B2AB455CC0039B713 /* Preview Content */,
			);
			path = "Air Jordan";
			sourceTree = "<group>";
		};
		42D9C91B2AB455CC0039B713 /* Preview Content */ = {
			isa = PBXGroup;
			children = (
				42D9C91C2AB455CC0039B713 /* Preview Assets.xcassets */,
			);
			path = "Preview Content";
			sourceTree = "<group>";
		};
		42D9C9232AB47FD00039B713 /* View */ = {
			isa = PBXGroup;
			children = (
				42D9C9242AB47FE30039B713 /* HomeView.swift */,
				42F2547F2AB480E30029C8FF /* ItemView.swift */,
				42F254842AB4BA4D0029C8FF /* DetailView.swift */,
			);
			path = View;
			sourceTree = "<group>";
		};
		42F254812AB481380029C8FF /* Model */ = {
			isa = PBXGroup;
			children = (
				42F254822AB4814D0029C8FF /* ItemModel.swift */,
			);
			path = Model;
			sourceTree = "<group>";
		};
/* End PBXGroup section */

/* Begin PBXNativeTarget section */
		42D9C9112AB455CB0039B713 /* Air Jordan */ = {
			isa = PBXNativeTarget;
			buildConfigurationList = 42D9C9202AB455CC0039B713 /* Build configuration list for PBXNativeTarget "Air Jordan" */;
			buildPhases = (
				42D9C90E2AB455CB0039B713 /* Sources */,
				42D9C90F2AB455CB0039B713 /* Frameworks */,
				42D9C9102AB455CB0039B713 /* Resources */,
			);
			buildRules = (
			);
			dependencies = (
			);
			name = "Air Jordan";
			productName = "Air Jordan";
			productReference = 42D9C9122AB455CB0039B713 /* Air Jordan.app */;
			productType = "com.apple.product-type.application";
		};
/* End PBXNativeTarget section */

/* Begin PBXProject section */
		42D9C90A2AB455CB0039B713 /* Project object */ = {
			isa = PBXProject;
			attributes = {
				BuildIndependentTargetsInParallel = 1;
				LastSwiftUpdateCheck = 1430;
				LastUpgradeCheck = 1430;
				TargetAttributes = {
					42D9C9112AB455CB0039B713 = {
						CreatedOnToolsVersion = 14.3.1;
					};
				};
			};
			buildConfigurationList = 42D9C90D2AB455CB0039B713 /* Build configuration list for PBXProject "Air Jordan" */;
			compatibilityVersion = "Xcode 14.0";
			developmentRegion = en;
			hasScannedForEncodings = 0;
			knownRegions = (
				en,
				Base,
			);
			mainGroup = 42D9C9092AB455CB0039B713;
			productRefGroup = 42D9C9132AB455CB0039B713 /* Products */;
			projectDirPath = "";
			projectRoot = "";
			targets = (
				42D9C9112AB455CB0039B713 /* Air Jordan */,
			);
		};
/* End PBXProject section */

/* Begin PBXResourcesBuildPhase section */
		42D9C9102AB455CB0039B713 /* Resources */ = {
			isa = PBXResourcesBuildPhase;
			buildActionMask = 2147483647;
			files = (
				42D9C91D2AB455CC0039B713 /* Preview Assets.xcassets in Resources */,
				42D9C91A2AB455CC0039B713 /* Assets.xcassets in Resources */,
			);
			runOnlyForDeploymentPostprocessing = 0;
		};
/* End PBXResourcesBuildPhase section */

/* Begin PBXSourcesBuildPhase section */
		42D9C90E2AB455CB0039B713 /* Sources */ = {
			isa = PBXSourcesBuildPhase;
			buildActionMask = 2147483647;
			files = (
				42F254832AB4814D0029C8FF /* ItemModel.swift in Sources */,
				42F254852AB4BA4D0029C8FF /* DetailView.swift in Sources */,
				42D9C9252AB47FE30039B713 /* HomeView.swift in Sources */,
				42D9C9182AB455CB0039B713 /* ContentView.swift in Sources */,
				42D9C9162AB455CB0039B713 /* Air_JordanApp.swift in Sources */,
				42F254802AB480E30029C8FF /* ItemView.swift in Sources */,
			);
			runOnlyForDeploymentPostprocessing = 0;
		};
/* End PBXSourcesBuildPhase section */

/* Begin XCBuildConfiguration section */
		42D9C91E2AB455CC0039B713 /* Debug */ = {
			isa = XCBuildConfiguration;
			buildSettings = {
				ALWAYS_SEARCH_USER_PATHS = NO;
				CLANG_ANALYZER_NONNULL = YES;
				CLANG_ANALYZER_NUMBER_OBJECT_CONVERSION = YES_AGGRESSIVE;
				CLANG_CXX_LANGUAGE_STANDARD = "gnu++20";
				CLANG_ENABLE_MODULES = YES;
				CLANG_ENABLE_OBJC_ARC = YES;
				CLANG_ENABLE_OBJC_WEAK = YES;
				CLANG_WARN_BLOCK_CAPTURE_AUTORELEASING = YES;
				CLANG_WARN_BOOL_CONVERSION = YES;
				CLANG_WARN_COMMA = YES;
				CLANG_WARN_CONSTANT_CONVERSION = YES;
				CLANG_WARN_DEPRECATED_OBJC_IMPLEMENTATIONS = YES;
				CLANG_WARN_DIRECT_OBJC_ISA_USAGE = YES_ERROR;
				CLANG_WARN_DOCUMENTATION_COMMENTS = YES;
				CLANG_WARN_EMPTY_BODY = YES;
				CLANG_WARN_ENUM_CONVERSION = YES;
				CLANG_WARN_INFINITE_RECURSION = YES;
				CLANG_WARN_INT_CONVERSION = YES;
				CLANG_WARN_NON_LITERAL_NULL_CONVERSION = YES;
				CLANG_WARN_OBJC_IMPLICIT_RETAIN_SELF = YES;
				CLANG_WARN_OBJC_LITERAL_CONVERSION = YES;
				CLANG_WARN_OBJC_ROOT_CLASS = YES_ERROR;
				CLANG_WARN_QUOTED_INCLUDE_IN_FRAMEWORK_HEADER = YES;
				CLANG_WARN_RANGE_LOOP_ANALYSIS = YES;
				CLANG_WARN_STRICT_PROTOTYPES = YES;
				CLANG_WARN_SUSPICIOUS_MOVE = YES;
				CLANG_WARN_UNGUARDED_AVAILABILITY = YES_AGGRESSIVE;
				CLANG_WARN_UNREACHABLE_CODE = YES;
				CLANG_WARN__DUPLICATE_METHOD_MATCH = YES;
				COPY_PHASE_STRIP = NO;
				DEBUG_INFORMATION_FORMAT = dwarf;
				ENABLE_STRICT_OBJC_MSGSEND = YES;
				ENABLE_TESTABILITY = YES;
				GCC_C_LANGUAGE_STANDARD = gnu11;
				GCC_DYNAMIC_NO_PIC = NO;
				GCC_NO_COMMON_BLOCKS = YES;
				GCC_OPTIMIZATION_LEVEL = 0;
				GCC_PREPROCESSOR_DEFINITIONS = (
					"DEBUG=1",
					"$(inherited)",
				);
				GCC_WARN_64_TO_32_BIT_CONVERSION = YES;
				GCC_WARN_ABOUT_RETURN_TYPE = YES_ERROR;
				GCC_WARN_UNDECLARED_SELECTOR = YES;
				GCC_WARN_UNINITIALIZED_AUTOS = YES_AGGRESSIVE;
				GCC_WARN_UNUSED_FUNCTION = YES;
				GCC_WARN_UNUSED_VARIABLE = YES;
				IPHONEOS_DEPLOYMENT_TARGET = 16.4;
				MTL_ENABLE_DEBUG_INFO = INCLUDE_SOURCE;
				MTL_FAST_MATH = YES;
				ONLY_ACTIVE_ARCH = YES;
				SDKROOT = iphoneos;
				SWIFT_ACTIVE_COMPILATION_CONDITIONS = DEBUG;
				SWIFT_OPTIMIZATION_LEVEL = "-Onone";
			};
			name = Debug;
		};
		42D9C91F2AB455CC0039B713 /* Release */ = {
			isa = XCBuildConfiguration;
			buildSettings = {
				ALWAYS_SEARCH_USER_PATHS = NO;
				CLANG_ANALYZER_NONNULL = YES;
				CLANG_ANALYZER_NUMBER_OBJECT_CONVERSION = YES_AGGRESSIVE;
				CLANG_CXX_LANGUAGE_STANDARD = "gnu++20";
				CLANG_ENABLE_MODULES = YES;
				CLANG_ENABLE_OBJC_ARC = YES;
				CLANG_ENABLE_OBJC_WEAK = YES;
				CLANG_WARN_BLOCK_CAPTURE_AUTORELEASING = YES;
				CLANG_WARN_BOOL_CONVERSION = YES;
				CLANG_WARN_COMMA = YES;
				CLANG_WARN_CONSTANT_CONVERSION = YES;
				CLANG_WARN_DEPRECATED_OBJC_IMPLEMENTATIONS = YES;
				CLANG_WARN_DIRECT_OBJC_ISA_USAGE = YES_ERROR;
				CLANG_WARN_DOCUMENTATION_COMMENTS = YES;
				CLANG_WARN_EMPTY_BODY = YES;
				CLANG_WARN_ENUM_CONVERSION = YES;
				CLANG_WARN_INFINITE_RECURSION = YES;
				CLANG_WARN_INT_CONVERSION = YES;
				CLANG_WARN_NON_LITERAL_NULL_CONVERSION = YES;
				CLANG_WARN_OBJC_IMPLICIT_RETAIN_SELF = YES;
				CLANG_WARN_OBJC_LITERAL_CONVERSION = YES;
				CLANG_WARN_OBJC_ROOT_CLASS = YES_ERROR;
				CLANG_WARN_QUOTED_INCLUDE_IN_FRAMEWORK_HEADER = YES;
				CLANG_WARN_RANGE_LOOP_ANALYSIS = YES;
				CLANG_WARN_STRICT_PROTOTYPES = YES;
				CLANG_WARN_SUSPICIOUS_MOVE = YES;
				CLANG_WARN_UNGUARDED_AVAILABILITY = YES_AGGRESSIVE;
				CLANG_WARN_UNREACHABLE_CODE = YES;
				CLANG_WARN__DUPLICATE_METHOD_MATCH = YES;
				COPY_PHASE_STRIP = NO;
				DEBUG_INFORMATION_FORMAT = "dwarf-with-dsym";
				ENABLE_NS_ASSERTIONS = NO;
				ENABLE_STRICT_OBJC_MSGSEND = YES;
				GCC_C_LANGUAGE_STANDARD = gnu11;
				GCC_NO_COMMON_BLOCKS = YES;
				GCC_WARN_64_TO_32_BIT_CONVERSION = YES;
				GCC_WARN_ABOUT_RETURN_TYPE = YES_ERROR;
				GCC_WARN_UNDECLARED_SELECTOR = YES;
				GCC_WARN_UNINITIALIZED_AUTOS = YES_AGGRESSIVE;
				GCC_WARN_UNUSED_FUNCTION = YES;
				GCC_WARN_UNUSED_VARIABLE = YES;
				IPHONEOS_DEPLOYMENT_TARGET = 16.4;
				MTL_ENABLE_DEBUG_INFO = NO;
				MTL_FAST_MATH = YES;
				SDKROOT = iphoneos;
				SWIFT_COMPILATION_MODE = wholemodule;
				SWIFT_OPTIMIZATION_LEVEL = "-O";
				VALIDATE_PRODUCT = YES;
			};
			name = Release;
		};
		42D9C9212AB455CC0039B713 /* Debug */ = {
			isa = XCBuildConfiguration;
			buildSettings = {
				ASSETCATALOG_COMPILER_APPICON_NAME = AppIcon;
				ASSETCATALOG_COMPILER_GLOBAL_ACCENT_COLOR_NAME = AccentColor;
				CODE_SIGN_STYLE = Automatic;
				CURRENT_PROJECT_VERSION = 1;
				DEVELOPMENT_ASSET_PATHS = "\"Air Jordan/Preview Content\"";
				DEVELOPMENT_TEAM = 7833GGFHR3;
				ENABLE_PREVIEWS = YES;
				GENERATE_INFOPLIST_FILE = YES;
				INFOPLIST_KEY_UIApplicationSceneManifest_Generation = YES;
				INFOPLIST_KEY_UIApplicationSupportsIndirectInputEvents = YES;
				INFOPLIST_KEY_UILaunchScreen_Generation = YES;
				INFOPLIST_KEY_UISupportedInterfaceOrientations_iPad = "UIInterfaceOrientationPortrait UIInterfaceOrientationPortraitUpsideDown UIInterfaceOrientationLandscapeLeft UIInterfaceOrientationLandscapeRight";
				INFOPLIST_KEY_UISupportedInterfaceOrientations_iPhone = "UIInterfaceOrientationPortrait UIInterfaceOrientationLandscapeLeft UIInterfaceOrientationLandscapeRight";
				LD_RUNPATH_SEARCH_PATHS = (
					"$(inherited)",
					"@executable_path/Frameworks",
				);
				MARKETING_VERSION = 1.0;
				PRODUCT_BUNDLE_IDENTIFIER = "com.christinne.Air-Jordan";
				PRODUCT_NAME = "$(TARGET_NAME)";
				SWIFT_EMIT_LOC_STRINGS = YES;
				SWIFT_VERSION = 5.0;
				TARGETED_DEVICE_FAMILY = "1,2";
			};
			name = Debug;
		};
		42D9C9222AB455CC0039B713 /* Release */ = {
			isa = XCBuildConfiguration;
			buildSettings = {
				ASSETCATALOG_COMPILER_APPICON_NAME = AppIcon;
				ASSETCATALOG_COMPILER_GLOBAL_ACCENT_COLOR_NAME = AccentColor;
				CODE_SIGN_STYLE = Automatic;
				CURRENT_PROJECT_VERSION = 1;
				DEVELOPMENT_ASSET_PATHS = "\"Air Jordan/Preview Content\"";
				DEVELOPMENT_TEAM = 7833GGFHR3;
				ENABLE_PREVIEWS = YES;
				GENERATE_INFOPLIST_FILE = YES;
				INFOPLIST_KEY_UIApplicationSceneManifest_Generation = YES;
				INFOPLIST_KEY_UIApplicationSupportsIndirectInputEvents = YES;
				INFOPLIST_KEY_UILaunchScreen_Generation = YES;
				INFOPLIST_KEY_UISupportedInterfaceOrientations_iPad = "UIInterfaceOrientationPortrait UIInterfaceOrientationPortraitUpsideDown UIInterfaceOrientationLandscapeLeft UIInterfaceOrientationLandscapeRight";
				INFOPLIST_KEY_UISupportedInterfaceOrientations_iPhone = "UIInterfaceOrientationPortrait UIInterfaceOrientationLandscapeLeft UIInterfaceOrientationLandscapeRight";
				LD_RUNPATH_SEARCH_PATHS = (
					"$(inherited)",
					"@executable_path/Frameworks",
				);
				MARKETING_VERSION = 1.0;
				PRODUCT_BUNDLE_IDENTIFIER = "com.christinne.Air-Jordan";
				PRODUCT_NAME = "$(TARGET_NAME)";
				SWIFT_EMIT_LOC_STRINGS = YES;
				SWIFT_VERSION = 5.0;
				TARGETED_DEVICE_FAMILY = "1,2";
			};
			name = Release;
		};
/* End XCBuildConfiguration section */

/* Begin XCConfigurationList section */
		42D9C90D2AB455CB0039B713 /* Build configuration list for PBXProject "Air Jordan" */ = {
			isa = XCConfigurationList;
			buildConfigurations = (
				42D9C91E2AB455CC0039B713 /* Debug */,
				42D9C91F2AB455CC0039B713 /* Release */,
			);
			defaultConfigurationIsVisible = 0;
			defaultConfigurationName = Release;
		};
		42D9C9202AB455CC0039B713 /* Build configuration list for PBXNativeTarget "Air Jordan" */ = {
			isa = XCConfigurationList;
			buildConfigurations = (
				42D9C9212AB455CC0039B713 /* Debug */,
				42D9C9222AB455CC0039B713 /* Release */,
			);
			defaultConfigurationIsVisible = 0;
			defaultConfigurationName = Release;
		};
/* End XCConfigurationList section */
	};
	rootObject = 42D9C90A2AB455CB0039B713 /* Project object */;
}
